
Microsoft Visual Studio Solution File, Format Version 12.00
# Visual Studio Version 17
VisualStudioVersion = 17.5.33530.505
MinimumVisualStudioVersion = 10.0.40219.1
Project("{9A19103F-16F7-4668-BE54-9A1E7A4F7556}") = "FantasySportsPro.API", "FantasySportsPro.API\FantasySportsPro.API.csproj", "{DA2292CD-89AF-42EA-B9C6-28F334CF2175}"
EndProject
Project("{9A19103F-16F7-4668-BE54-9A1E7A4F7556}") = "FantasySportsPro.Domain", "FantasySportsPro.Domain\FantasySportsPro.Domain.csproj", "{1F0E6A6D-9D88-46A7-9D82-51293BEFB8E0}"
EndProject
Project("{9A19103F-16F7-4668-BE54-9A1E7A4F7556}") = "FantasySportsPro.Persistance", "FantasySportsPro.Persistance\FantasySportsPro.Persistance.csproj", "{BFA99E78-306C-4AE9-AFEA-DFF2EA1147AE}"
EndProject
Project("{2150E333-8FDC-42A3-9474-1A3956D46DE8}") = "Tests", "Tests", "{DE5E6ABB-18EB-4CE2-A7CD-F60B5118B181}"
EndProject
Project("{9A19103F-16F7-4668-BE54-9A1E7A4F7556}") = "FantasySportsPro.Application", "FantasySportsPro.Application\FantasySportsPro.Application.csproj", "{0CB7E4DA-9A1A-404D-AFAD-DA6E8AD55C06}"
EndProject
Project("{00D1A9C2-B5F0-4AF3-8072-F6C62B433612}") = "FantasySportsPro.Database", "FantasySportsPro.Database\FantasySportsPro.Database.sqlproj", "{3658CB71-955D-4BFD-9078-099FBA2B58DB}"
EndProject
Project("{FAE04EC0-301F-11D3-BF4B-00C04F79EFBC}") = "FantasySportsPro.Persistence.Tests", "FantasySportsPro.Persistence.Tests\FantasySportsPro.Persistence.Tests.csproj", "{98099E3F-A8F6-4B10-84E3-DC149C715F25}"
EndProject
Global
	GlobalSection(SolutionConfigurationPlatforms) = preSolution
		Debug|Any CPU = Debug|Any CPU
		Release|Any CPU = Release|Any CPU
	EndGlobalSection
	GlobalSection(ProjectConfigurationPlatforms) = postSolution
		{DA2292CD-89AF-42EA-B9C6-28F334CF2175}.Debug|Any CPU.ActiveCfg = Debug|Any CPU
		{DA2292CD-89AF-42EA-B9C6-28F334CF2175}.Debug|Any CPU.Build.0 = Debug|Any CPU
		{DA2292CD-89AF-42EA-B9C6-28F334CF2175}.Release|Any CPU.ActiveCfg = Release|Any CPU
		{DA2292CD-89AF-42EA-B9C6-28F334CF2175}.Release|Any CPU.Build.0 = Release|Any CPU
		{1F0E6A6D-9D88-46A7-9D82-51293BEFB8E0}.Debug|Any CPU.ActiveCfg = Debug|Any CPU
		{1F0E6A6D-9D88-46A7-9D82-51293BEFB8E0}.Debug|Any CPU.Build.0 = Debug|Any CPU
		{1F0E6A6D-9D88-46A7-9D82-51293BEFB8E0}.Release|Any CPU.ActiveCfg = Release|Any CPU
		{1F0E6A6D-9D88-46A7-9D82-51293BEFB8E0}.Release|Any CPU.Build.0 = Release|Any CPU
		{BFA99E78-306C-4AE9-AFEA-DFF2EA1147AE}.Debug|Any CPU.ActiveCfg = Debug|Any CPU
		{BFA99E78-306C-4AE9-AFEA-DFF2EA1147AE}.Debug|Any CPU.Build.0 = Debug|Any CPU
		{BFA99E78-306C-4AE9-AFEA-DFF2EA1147AE}.Release|Any CPU.ActiveCfg = Release|Any CPU
		{BFA99E78-306C-4AE9-AFEA-DFF2EA1147AE}.Release|Any CPU.Build.0 = Release|Any CPU
		{0CB7E4DA-9A1A-404D-AFAD-DA6E8AD55C06}.Debug|Any CPU.ActiveCfg = Debug|Any CPU
		{0CB7E4DA-9A1A-404D-AFAD-DA6E8AD55C06}.Debug|Any CPU.Build.0 = Debug|Any CPU
		{0CB7E4DA-9A1A-404D-AFAD-DA6E8AD55C06}.Release|Any CPU.ActiveCfg = Release|Any CPU
		{0CB7E4DA-9A1A-404D-AFAD-DA6E8AD55C06}.Release|Any CPU.Build.0 = Release|Any CPU
		{3658CB71-955D-4BFD-9078-099FBA2B58DB}.Debug|Any CPU.ActiveCfg = Debug|Any CPU
		{3658CB71-955D-4BFD-9078-099FBA2B58DB}.Debug|Any CPU.Build.0 = Debug|Any CPU
		{3658CB71-955D-4BFD-9078-099FBA2B58DB}.Debug|Any CPU.Deploy.0 = Debug|Any CPU
		{3658CB71-955D-4BFD-9078-099FBA2B58DB}.Release|Any CPU.ActiveCfg = Release|Any CPU
		{3658CB71-955D-4BFD-9078-099FBA2B58DB}.Release|Any CPU.Build.0 = Release|Any CPU
		{3658CB71-955D-4BFD-9078-099FBA2B58DB}.Release|Any CPU.Deploy.0 = Release|Any CPU
		{98099E3F-A8F6-4B10-84E3-DC149C715F25}.Debug|Any CPU.ActiveCfg = Debug|Any CPU
		{98099E3F-A8F6-4B10-84E3-DC149C715F25}.Debug|Any CPU.Build.0 = Debug|Any CPU
		{98099E3F-A8F6-4B10-84E3-DC149C715F25}.Release|Any CPU.ActiveCfg = Release|Any CPU
		{98099E3F-A8F6-4B10-84E3-DC149C715F25}.Release|Any CPU.Build.0 = Release|Any CPU
	EndGlobalSection
	GlobalSection(SolutionProperties) = preSolution
		HideSolutionNode = FALSE
	EndGlobalSection
	GlobalSection(NestedProjects) = preSolution
		{98099E3F-A8F6-4B10-84E3-DC149C715F25} = {DE5E6ABB-18EB-4CE2-A7CD-F60B5118B181}
	EndGlobalSection
	GlobalSection(ExtensibilityGlobals) = postSolution
		SolutionGuid = {87BC3B11-0F68-4501-B6EE-AE476AB193A4}
	EndGlobalSection
EndGlobal
